// !$*UTF8*$!
{
	archiveVersion = 1;
	classes = {
	};
	objectVersion = 50;
	objects = {

/* Begin PBXBuildFile section */
		4902986921E5574300D26434 /* AppDelegate.swift in Sources */ = {isa = PBXBuildFile; fileRef = 4902986821E5574300D26434 /* AppDelegate.swift */; };
		4902986E21E5574300D26434 /* Main.storyboard in Resources */ = {isa = PBXBuildFile; fileRef = 4902986C21E5574300D26434 /* Main.storyboard */; };
		4902987021E5574500D26434 /* Assets.xcassets in Resources */ = {isa = PBXBuildFile; fileRef = 4902986F21E5574500D26434 /* Assets.xcassets */; };
		4902987321E5574500D26434 /* LaunchScreen.storyboard in Resources */ = {isa = PBXBuildFile; fileRef = 4902987121E5574500D26434 /* LaunchScreen.storyboard */; };
		4902987E21E557FE00D26434 /* CustomControl.swift in Sources */ = {isa = PBXBuildFile; fileRef = 4902987D21E557FE00D26434 /* CustomControl.swift */; };
		4902988021E5592800D26434 /* CustomControlViewController.swift in Sources */ = {isa = PBXBuildFile; fileRef = 4902987F21E5592800D26434 /* CustomControlViewController.swift */; };
/* End PBXBuildFile section */

/* Begin PBXFileReference section */
		4902986521E5574300D26434 /* CustomControl.app */ = {isa = PBXFileReference; explicitFileType = wrapper.application; includeInIndex = 0; path = CustomControl.app; sourceTree = BUILT_PRODUCTS_DIR; };
		4902986821E5574300D26434 /* AppDelegate.swift */ = {isa = PBXFileReference; lastKnownFileType = sourcecode.swift; path = AppDelegate.swift; sourceTree = "<group>"; };
		4902986D21E5574300D26434 /* Base */ = {isa = PBXFileReference; lastKnownFileType = file.storyboard; name = Base; path = Base.lproj/Main.storyboard; sourceTree = "<group>"; };
		4902986F21E5574500D26434 /* Assets.xcassets */ = {isa = PBXFileReference; lastKnownFileType = folder.assetcatalog; path = Assets.xcassets; sourceTree = "<group>"; };
		4902987221E5574500D26434 /* Base */ = {isa = PBXFileReference; lastKnownFileType = file.storyboard; name = Base; path = Base.lproj/LaunchScreen.storyboard; sourceTree = "<group>"; };
		4902987421E5574500D26434 /* Info.plist */ = {isa = PBXFileReference; lastKnownFileType = text.plist.xml; path = Info.plist; sourceTree = "<group>"; };
		4902987D21E557FE00D26434 /* CustomControl.swift */ = {isa = PBXFileReference; lastKnownFileType = sourcecode.swift; path = CustomControl.swift; sourceTree = "<group>"; };
		4902987F21E5592800D26434 /* CustomControlViewController.swift */ = {isa = PBXFileReference; lastKnownFileType = sourcecode.swift; path = CustomControlViewController.swift; sourceTree = "<group>"; };
/* End PBXFileReference section */

/* Begin PBXFrameworksBuildPhase section */
		4902986221E5574300D26434 /* Frameworks */ = {
			isa = PBXFrameworksBuildPhase;
			buildActionMask = 2147483647;
			files = (
			);
			runOnlyForDeploymentPostprocessing = 0;
		};
/* End PBXFrameworksBuildPhase section */

/* Begin PBXGroup section */
		4902985C21E5574300D26434 = {
			isa = PBXGroup;
			children = (
				4902986721E5574300D26434 /* CustomControl */,
				4902986621E5574300D26434 /* Products */,
			);
			sourceTree = "<group>";
		};
		4902986621E5574300D26434 /* Products */ = {
			isa = PBXGroup;
			children = (
				4902986521E5574300D26434 /* CustomControl.app */,
			);
			name = Products;
			sourceTree = "<group>";
		};
		4902986721E5574300D26434 /* CustomControl */ = {
			isa = PBXGroup;
			children = (
				4902986821E5574300D26434 /* AppDelegate.swift */,
				4902986C21E5574300D26434 /* Main.storyboard */,
				4902987D21E557FE00D26434 /* CustomControl.swift */,
				4902987F21E5592800D26434 /* CustomControlViewController.swift */,
				4902986F21E5574500D26434 /* Assets.xcassets */,
				4902987121E5574500D26434 /* LaunchScreen.storyboard */,
				4902987421E5574500D26434 /* Info.plist */,
			);
			path = CustomControl;
			sourceTree = "<group>";
		};
/* End PBXGroup section */

/* Begin PBXNativeTarget section */
		4902986421E5574300D26434 /* CustomControl */ = {
			isa = PBXNativeTarget;
			buildConfigurationList = 4902987721E5574500D26434 /* Build configuration list for PBXNativeTarget "CustomControl" */;
			buildPhases = (
				4902986121E5574300D26434 /* Sources */,
				4902986221E5574300D26434 /* Frameworks */,
				4902986321E5574300D26434 /* Resources */,
			);
			buildRules = (
			);
			dependencies = (
			);
			name = CustomControl;
			productName = CustomControl;
			productReference = 4902986521E5574300D26434 /* CustomControl.app */;
			productType = "com.apple.product-type.application";
		};
/* End PBXNativeTarget section */

/* Begin PBXProject section */
		4902985D21E5574300D26434 /* Project object */ = {
			isa = PBXProject;
			attributes = {
				LastSwiftUpdateCheck = 1010;
				LastUpgradeCheck = 1010;
				ORGANIZATIONNAME = "David Doswell";
				TargetAttributes = {
					4902986421E5574300D26434 = {
						CreatedOnToolsVersion = 10.1;
					};
				};
			};
			buildConfigurationList = 4902986021E5574300D26434 /* Build configuration list for PBXProject "CustomControl" */;
			compatibilityVersion = "Xcode 9.3";
			developmentRegion = en;
			hasScannedForEncodings = 0;
			knownRegions = (
				en,
				Base,
			);
			mainGroup = 4902985C21E5574300D26434;
			productRefGroup = 4902986621E5574300D26434 /* Products */;
			projectDirPath = "";
			projectRoot = "";
			targets = (
				4902986421E5574300D26434 /* CustomControl */,
			);
		};
/* End PBXProject section */

/* Begin PBXResourcesBuildPhase section */
		4902986321E5574300D26434 /* Resources */ = {
			isa = PBXResourcesBuildPhase;
			buildActionMask = 2147483647;
			files = (
				4902987321E5574500D26434 /* LaunchScreen.storyboard in Resources */,
				4902987021E5574500D26434 /* Assets.xcassets in Resources */,
				4902986E21E5574300D26434 /* Main.storyboard in Resources */,
			);
			runOnlyForDeploymentPostprocessing = 0;
		};
/* End PBXResourcesBuildPhase section */

/* Begin PBXSourcesBuildPhase section */
		4902986121E5574300D26434 /* Sources */ = {
			isa = PBXSourcesBuildPhase;
			buildActionMask = 2147483647;
			files = (
				4902987E21E557FE00D26434 /* CustomControl.swift in Sources */,
				4902988021E5592800D26434 /* CustomControlViewController.swift in Sources */,
				4902986921E5574300D26434 /* AppDelegate.swift in Sources */,
			);
			runOnlyForDeploymentPostprocessing = 0;
		};
/* End PBXSourcesBuildPhase section */

/* Begin PBXVariantGroup section */
		4902986C21E5574300D26434 /* Main.storyboard */ = {
			isa = PBXVariantGroup;
			children = (
				4902986D21E5574300D26434 /* Base */,
			);
			name = Main.storyboard;
			sourceTree = "<group>";
		};
		4902987121E5574500D26434 /* LaunchScreen.storyboard */ = {
			isa = PBXVariantGroup;
			children = (
				4902987221E5574500D26434 /* Base */,
			);
			name = LaunchScreen.storyboard;
			sourceTree = "<group>";
		};
/* End PBXVariantGroup section */

/* Begin XCBuildConfiguration section */
		4902987521E5574500D26434 /* Debug */ = {
			isa = XCBuildConfiguration;
			buildSettings = {
				ALWAYS_SEARCH_USER_PATHS = NO;
				CLANG_ANALYZER_NONNULL = YES;
				CLANG_ANALYZER_NUMBER_OBJECT_CONVERSION = YES_AGGRESSIVE;
				CLANG_CXX_LANGUAGE_STANDARD = "gnu++14";
				CLANG_CXX_LIBRARY = "libc++";
				CLANG_ENABLE_MODULES = YES;
				CLANG_ENABLE_OBJC_ARC = YES;
				CLANG_ENABLE_OBJC_WEAK = YES;
				CLANG_WARN_BLOCK_CAPTURE_AUTORELEASING = YES;
				CLANG_WARN_BOOL_CONVERSION = YES;
				CLANG_WARN_COMMA = YES;
				CLANG_WARN_CONSTANT_CONVERSION = YES;
				CLANG_WARN_DEPRECATED_OBJC_IMPLEMENTATIONS = YES;
				CLANG_WARN_DIRECT_OBJC_ISA_USAGE = YES_ERROR;
				CLANG_WARN_DOCUMENTATION_COMMENTS = YES;
				CLANG_WARN_EMPTY_BODY = YES;
				CLANG_WARN_ENUM_CONVERSION = YES;
				CLANG_WARN_INFINITE_RECURSION = YES;
				CLANG_WARN_INT_CONVERSION = YES;
				CLANG_WARN_NON_LITERAL_NULL_CONVERSION = YES;
				CLANG_WARN_OBJC_IMPLICIT_RETAIN_SELF = YES;
				CLANG_WARN_OBJC_LITERAL_CONVERSION = YES;
				CLANG_WARN_OBJC_ROOT_CLASS = YES_ERROR;
				CLANG_WARN_RANGE_LOOP_ANALYSIS = YES;
				CLANG_WARN_STRICT_PROTOTYPES = YES;
				CLANG_WARN_SUSPICIOUS_MOVE = YES;
				CLANG_WARN_UNGUARDED_AVAILABILITY = YES_AGGRESSIVE;
				CLANG_WARN_UNREACHABLE_CODE = YES;
				CLANG_WARN__DUPLICATE_METHOD_MATCH = YES;
				CODE_SIGN_IDENTITY = "iPhone Developer";
				COPY_PHASE_STRIP = NO;
				DEBUG_INFORMATION_FORMAT = dwarf;
				ENABLE_STRICT_OBJC_MSGSEND = YES;
				ENABLE_TESTABILITY = YES;
				GCC_C_LANGUAGE_STANDARD = gnu11;
				GCC_DYNAMIC_NO_PIC = NO;
				GCC_NO_COMMON_BLOCKS = YES;
				GCC_OPTIMIZATION_LEVEL = 0;
				GCC_PREPROCESSOR_DEFINITIONS = (
					"DEBUG=1",
					"$(inherited)",
				);
				GCC_WARN_64_TO_32_BIT_CONVERSION = YES;
				GCC_WARN_ABOUT_RETURN_TYPE = YES_ERROR;
				GCC_WARN_UNDECLARED_SELECTOR = YES;
				GCC_WARN_UNINITIALIZED_AUTOS = YES_AGGRESSIVE;
				GCC_WARN_UNUSED_FUNCTION = YES;
				GCC_WARN_UNUSED_VARIABLE = YES;
				IPHONEOS_DEPLOYMENT_TARGET = 12.1;
				MTL_ENABLE_DEBUG_INFO = INCLUDE_SOURCE;
				MTL_FAST_MATH = YES;
				ONLY_ACTIVE_ARCH = YES;
				SDKROOT = iphoneos;
				SWIFT_ACTIVE_COMPILATION_CONDITIONS = DEBUG;
				SWIFT_OPTIMIZATION_LEVEL = "-Onone";
			};
			name = Debug;
		};
		4902987621E5574500D26434 /* Release */ = {
			isa = XCBuildConfiguration;
			buildSettings = {
				ALWAYS_SEARCH_USER_PATHS = NO;
				CLANG_ANALYZER_NONNULL = YES;
				CLANG_ANALYZER_NUMBER_OBJECT_CONVERSION = YES_AGGRESSIVE;
				CLANG_CXX_LANGUAGE_STANDARD = "gnu++14";
				CLANG_CXX_LIBRARY = "libc++";
				CLANG_ENABLE_MODULES = YES;
				CLANG_ENABLE_OBJC_ARC = YES;
				CLANG_ENABLE_OBJC_WEAK = YES;
				CLANG_WARN_BLOCK_CAPTURE_AUTORELEASING = YES;
				CLANG_WARN_BOOL_CONVERSION = YES;
				CLANG_WARN_COMMA = YES;
				CLANG_WARN_CONSTANT_CONVERSION = YES;
				CLANG_WARN_DEPRECATED_OBJC_IMPLEMENTATIONS = YES;
				CLANG_WARN_DIRECT_OBJC_ISA_USAGE = YES_ERROR;
				CLANG_WARN_DOCUMENTATION_COMMENTS = YES;
				CLANG_WARN_EMPTY_BODY = YES;
				CLANG_WARN_ENUM_CONVERSION = YES;
				CLANG_WARN_INFINITE_RECURSION = YES;
				CLANG_WARN_INT_CONVERSION = YES;
				CLANG_WARN_NON_LITERAL_NULL_CONVERSION = YES;
				CLANG_WARN_OBJC_IMPLICIT_RETAIN_SELF = YES;
				CLANG_WARN_OBJC_LITERAL_CONVERSION = YES;
				CLANG_WARN_OBJC_ROOT_CLASS = YES_ERROR;
				CLANG_WARN_RANGE_LOOP_ANALYSIS = YES;
				CLANG_WARN_STRICT_PROTOTYPES = YES;
				CLANG_WARN_SUSPICIOUS_MOVE = YES;
				CLANG_WARN_UNGUARDED_AVAILABILITY = YES_AGGRESSIVE;
				CLANG_WARN_UNREACHABLE_CODE = YES;
				CLANG_WARN__DUPLICATE_METHOD_MATCH = YES;
				CODE_SIGN_IDENTITY = "iPhone Developer";
				COPY_PHASE_STRIP = NO;
				DEBUG_INFORMATION_FORMAT = "dwarf-with-dsym";
				ENABLE_NS_ASSERTIONS = NO;
				ENABLE_STRICT_OBJC_MSGSEND = YES;
				GCC_C_LANGUAGE_STANDARD = gnu11;
				GCC_NO_COMMON_BLOCKS = YES;
				GCC_WARN_64_TO_32_BIT_CONVERSION = YES;
				GCC_WARN_ABOUT_RETURN_TYPE = YES_ERROR;
				GCC_WARN_UNDECLARED_SELECTOR = YES;
				GCC_WARN_UNINITIALIZED_AUTOS = YES_AGGRESSIVE;
				GCC_WARN_UNUSED_FUNCTION = YES;
				GCC_WARN_UNUSED_VARIABLE = YES;
				IPHONEOS_DEPLOYMENT_TARGET = 12.1;
				MTL_ENABLE_DEBUG_INFO = NO;
				MTL_FAST_MATH = YES;
				SDKROOT = iphoneos;
				SWIFT_COMPILATION_MODE = wholemodule;
				SWIFT_OPTIMIZATION_LEVEL = "-O";
				VALIDATE_PRODUCT = YES;
			};
			name = Release;
		};
		4902987821E5574500D26434 /* Debug */ = {
			isa = XCBuildConfiguration;
			buildSettings = {
				ASSETCATALOG_COMPILER_APPICON_NAME = AppIcon;
				CODE_SIGN_STYLE = Automatic;
				DEVELOPMENT_TEAM = WEBVY2C5S6;
				INFOPLIST_FILE = CustomControl/Info.plist;
				LD_RUNPATH_SEARCH_PATHS = (
					"$(inherited)",
					"@executable_path/Frameworks",
				);
				PRODUCT_BUNDLE_IDENTIFIER = com.doswelloliverdavid.CustomControl;
				PRODUCT_NAME = "$(TARGET_NAME)";
				SWIFT_VERSION = 4.2;
				TARGETED_DEVICE_FAMILY = "1,2";
			};
			name = Debug;
		};
		4902987921E5574500D26434 /* Release */ = {
			isa = XCBuildConfiguration;
			buildSettings = {
				ASSETCATALOG_COMPILER_APPICON_NAME = AppIcon;
				CODE_SIGN_STYLE = Automatic;
				DEVELOPMENT_TEAM = WEBVY2C5S6;
				INFOPLIST_FILE = CustomControl/Info.plist;
				LD_RUNPATH_SEARCH_PATHS = (
					"$(inherited)",
					"@executable_path/Frameworks",
				);
				PRODUCT_BUNDLE_IDENTIFIER = com.doswelloliverdavid.CustomControl;
				PRODUCT_NAME = "$(TARGET_NAME)";
				SWIFT_VERSION = 4.2;
				TARGETED_DEVICE_FAMILY = "1,2";
			};
			name = Release;
		};
/* End XCBuildConfiguration section */

/* Begin XCConfigurationList section */
		4902986021E5574300D26434 /* Build configuration list for PBXProject "CustomControl" */ = {
			isa = XCConfigurationList;
			buildConfigurations = (
				4902987521E5574500D26434 /* Debug */,
				4902987621E5574500D26434 /* Release */,
			);
			defaultConfigurationIsVisible = 0;
			defaultConfigurationName = Release;
		};
		4902987721E5574500D26434 /* Build configuration list for PBXNativeTarget "CustomControl" */ = {
			isa = XCConfigurationList;
			buildConfigurations = (
				4902987821E5574500D26434 /* Debug */,
				4902987921E5574500D26434 /* Release */,
			);
			defaultConfigurationIsVisible = 0;
			defaultConfigurationName = Release;
		};
/* End XCConfigurationList section */
	};
	rootObject = 4902985D21E5574300D26434 /* Project object */;
}
